# THIS IS AN AUTOGENERATED FILE. DO NOT EDIT THIS FILE DIRECTLY.
# yarn lockfile v1


"@types/three@^0.93.18":
  version "0.93.18"
  resolved "https://registry.yarnpkg.com/@types/three/-/three-0.93.18.tgz#727bd64832caa9dd642937e39600de86cef439cf"

three@^0.100.0:
  version "0.100.0"
  resolved "https://registry.yarnpkg.com/three/-/three-0.100.0.tgz#262841c0b7d88ebd62af73f28d9f578963b3aa00"

typescript@^3.2.4:
  version "3.2.4"
  resolved "https://registry.yarnpkg.com/typescript/-/typescript-3.2.4.tgz#c585cb952912263d915b462726ce244ba510ef3d"
